// !$*UTF8*$!
{
	archiveVersion = 1;
	classes = {
	};
	objectVersion = 46;
	objects = {

/* Begin PBXBuildFile section */
		8343798E157C0A7D009E18A1 /* UIKit.framework in Frameworks */ = {isa = PBXBuildFile; fileRef = 8343798D157C0A7D009E18A1 /* UIKit.framework */; };
		83437990157C0A7D009E18A1 /* Foundation.framework in Frameworks */ = {isa = PBXBuildFile; fileRef = 8343798F157C0A7D009E18A1 /* Foundation.framework */; };
		83437992157C0A7D009E18A1 /* CoreGraphics.framework in Frameworks */ = {isa = PBXBuildFile; fileRef = 83437991157C0A7D009E18A1 /* CoreGraphics.framework */; };
		83AFB6631A12A0680066F326 /* CoreMotion.framework in Frameworks */ = {isa = PBXBuildFile; fileRef = 83AFB6621A12A0680066F326 /* CoreMotion.framework */; };
		83D6B3321586A6A500CBA01B /* dwg03.png in Resources */ = {isa = PBXBuildFile; fileRef = 83D6B3311586A6A500CBA01B /* dwg03.png */; };
		83D6B3351586A82400CBA01B /* dwg04.png in Resources */ = {isa = PBXBuildFile; fileRef = 83D6B3341586A82400CBA01B /* dwg04.png */; };
		83E650BA157EA3B3003E9F7C /* RangeFinderIcon.png in Resources */ = {isa = PBXBuildFile; fileRef = 83E650B9157EA3B3003E9F7C /* RangeFinderIcon.png */; };
		83E650C1157FCDD5003E9F7C /* flag.png in Resources */ = {isa = PBXBuildFile; fileRef = 83E650C0157FCDD5003E9F7C /* flag.png */; };
		900E7D2F1A1C2FBF00D477AA /* AudioToolbox.framework in Frameworks */ = {isa = PBXBuildFile; fileRef = 900E7D2E1A1C2FBF00D477AA /* AudioToolbox.framework */; };
		900E7D311A1C41B500D477AA /* QuartzCore.framework in Frameworks */ = {isa = PBXBuildFile; fileRef = 900E7D301A1C41B500D477AA /* QuartzCore.framework */; };
		900E7D341A1C4F0500D477AA /* TriangleView.m in Sources */ = {isa = PBXBuildFile; fileRef = 900E7D331A1C4F0500D477AA /* TriangleView.m */; };
		908380AB1A0AE712005A6A86 /* Default.png in Resources */ = {isa = PBXBuildFile; fileRef = 908380A91A0AE712005A6A86 /* Default.png */; };
		908380AC1A0AE712005A6A86 /* Icon.png in Resources */ = {isa = PBXBuildFile; fileRef = 908380AA1A0AE712005A6A86 /* Icon.png */; };
		90F497EB1A12B3FA006735E6 /* FlipsideViewController.m in Sources */ = {isa = PBXBuildFile; fileRef = 90F497EA1A12B3FA006735E6 /* FlipsideViewController.m */; };
		90F498031A12B410006735E6 /* AppDelegate.m in Sources */ = {isa = PBXBuildFile; fileRef = 90F497ED1A12B40F006735E6 /* AppDelegate.m */; };
		90F498051A12B410006735E6 /* dwg01.png in Resources */ = {isa = PBXBuildFile; fileRef = 90F497EF1A12B40F006735E6 /* dwg01.png */; };
		90F498071A12B410006735E6 /* dwg02.png in Resources */ = {isa = PBXBuildFile; fileRef = 90F497F11A12B40F006735E6 /* dwg02.png */; };
		90F498091A12B410006735E6 /* dwg03.png in Resources */ = {isa = PBXBuildFile; fileRef = 90F497F31A12B40F006735E6 /* dwg03.png */; };
		90F4980B1A12B410006735E6 /* dwg04.png in Resources */ = {isa = PBXBuildFile; fileRef = 90F497F51A12B40F006735E6 /* dwg04.png */; };
		90F4980D1A12B410006735E6 /* dwg05.png in Resources */ = {isa = PBXBuildFile; fileRef = 90F497F71A12B410006735E6 /* dwg05.png */; };
		90F4980F1A12B410006735E6 /* dwg06.png in Resources */ = {isa = PBXBuildFile; fileRef = 90F497F91A12B410006735E6 /* dwg06.png */; };
		90F498101A12B410006735E6 /* HeightFinderViewController.m in Sources */ = {isa = PBXBuildFile; fileRef = 90F497FC1A12B410006735E6 /* HeightFinderViewController.m */; };
		90F498111A12B410006735E6 /* main.m in Sources */ = {isa = PBXBuildFile; fileRef = 90F497FD1A12B410006735E6 /* main.m */; };
		90F498121A12B410006735E6 /* MainViewController.m in Sources */ = {isa = PBXBuildFile; fileRef = 90F497FF1A12B410006735E6 /* MainViewController.m */; };
		90F498131A12B410006735E6 /* RangeFinder-Info.plist in Resources */ = {isa = PBXBuildFile; fileRef = 90F498001A12B410006735E6 /* RangeFinder-Info.plist */; };
		90F498141A12B410006735E6 /* README.md in Sources */ = {isa = PBXBuildFile; fileRef = 90F498021A12B410006735E6 /* README.md */; };
		90F498201A12B4BF006735E6 /* InfoPlist.strings in Resources */ = {isa = PBXBuildFile; fileRef = 90F4981C1A12B4BF006735E6 /* InfoPlist.strings */; };
		90F498211A12B4BF006735E6 /* MainStoryboard.storyboard in Resources */ = {isa = PBXBuildFile; fileRef = 90F4981E1A12B4BF006735E6 /* MainStoryboard.storyboard */; };
		90F498231A15AB0D006735E6 /* ObjectSizes.plist in Resources */ = {isa = PBXBuildFile; fileRef = 90F498221A15AB0D006735E6 /* ObjectSizes.plist */; };
		90F498251A15D6CE006735E6 /* scope.png in Resources */ = {isa = PBXBuildFile; fileRef = 90F498241A15D6CE006735E6 /* scope.png */; };
		90F498281A16E089006735E6 /* RFTabBarController.m in Sources */ = {isa = PBXBuildFile; fileRef = 90F498271A16E089006735E6 /* RFTabBarController.m */; };
		90F4982B1A17FC4E006735E6 /* RFNavigationController.m in Sources */ = {isa = PBXBuildFile; fileRef = 90F4982A1A17FC4E006735E6 /* RFNavigationController.m */; };
/* End PBXBuildFile section */

/* Begin PBXFileReference section */
		83437989157C0A7D009E18A1 /* RangeFinder.app */ = {isa = PBXFileReference; explicitFileType = wrapper.application; includeInIndex = 0; path = RangeFinder.app; sourceTree = BUILT_PRODUCTS_DIR; };
		8343798D157C0A7D009E18A1 /* UIKit.framework */ = {isa = PBXFileReference; lastKnownFileType = wrapper.framework; name = UIKit.framework; path = System/Library/Frameworks/UIKit.framework; sourceTree = SDKROOT; };
		8343798F157C0A7D009E18A1 /* Foundation.framework */ = {isa = PBXFileReference; lastKnownFileType = wrapper.framework; name = Foundation.framework; path = System/Library/Frameworks/Foundation.framework; sourceTree = SDKROOT; };
		83437991157C0A7D009E18A1 /* CoreGraphics.framework */ = {isa = PBXFileReference; lastKnownFileType = wrapper.framework; name = CoreGraphics.framework; path = System/Library/Frameworks/CoreGraphics.framework; sourceTree = SDKROOT; };
		83AFB6621A12A0680066F326 /* CoreMotion.framework */ = {isa = PBXFileReference; lastKnownFileType = wrapper.framework; name = CoreMotion.framework; path = System/Library/Frameworks/CoreMotion.framework; sourceTree = SDKROOT; };
		83D6B3311586A6A500CBA01B /* dwg03.png */ = {isa = PBXFileReference; lastKnownFileType = image.png; path = dwg03.png; sourceTree = "<group>"; };
		83D6B3341586A82400CBA01B /* dwg04.png */ = {isa = PBXFileReference; lastKnownFileType = image.png; path = dwg04.png; sourceTree = "<group>"; };
		83E650B9157EA3B3003E9F7C /* RangeFinderIcon.png */ = {isa = PBXFileReference; lastKnownFileType = image.png; path = RangeFinderIcon.png; sourceTree = SOURCE_ROOT; };
		83E650C0157FCDD5003E9F7C /* flag.png */ = {isa = PBXFileReference; lastKnownFileType = image.png; path = flag.png; sourceTree = "<group>"; };
		900E7D2E1A1C2FBF00D477AA /* AudioToolbox.framework */ = {isa = PBXFileReference; lastKnownFileType = wrapper.framework; name = AudioToolbox.framework; path = System/Library/Frameworks/AudioToolbox.framework; sourceTree = SDKROOT; };
		900E7D301A1C41B500D477AA /* QuartzCore.framework */ = {isa = PBXFileReference; lastKnownFileType = wrapper.framework; name = QuartzCore.framework; path = System/Library/Frameworks/QuartzCore.framework; sourceTree = SDKROOT; };
		900E7D321A1C4F0500D477AA /* TriangleView.h */ = {isa = PBXFileReference; fileEncoding = 4; lastKnownFileType = sourcecode.c.h; path = TriangleView.h; sourceTree = "<group>"; };
		900E7D331A1C4F0500D477AA /* TriangleView.m */ = {isa = PBXFileReference; fileEncoding = 4; lastKnownFileType = sourcecode.c.objc; path = TriangleView.m; sourceTree = "<group>"; };
		908380A91A0AE712005A6A86 /* Default.png */ = {isa = PBXFileReference; lastKnownFileType = image.png; path = Default.png; sourceTree = "<group>"; };
		908380AA1A0AE712005A6A86 /* Icon.png */ = {isa = PBXFileReference; lastKnownFileType = image.png; path = Icon.png; sourceTree = "<group>"; };
		90F497EA1A12B3FA006735E6 /* FlipsideViewController.m */ = {isa = PBXFileReference; fileEncoding = 4; lastKnownFileType = sourcecode.c.objc; path = FlipsideViewController.m; sourceTree = "<group>"; };
		90F497EC1A12B40F006735E6 /* AppDelegate.h */ = {isa = PBXFileReference; fileEncoding = 4; lastKnownFileType = sourcecode.c.h; path = AppDelegate.h; sourceTree = "<group>"; };
		90F497ED1A12B40F006735E6 /* AppDelegate.m */ = {isa = PBXFileReference; fileEncoding = 4; lastKnownFileType = sourcecode.c.objc; path = AppDelegate.m; sourceTree = "<group>"; };
		90F497EF1A12B40F006735E6 /* dwg01.png */ = {isa = PBXFileReference; lastKnownFileType = image.png; path = dwg01.png; sourceTree = "<group>"; };
		90F497F11A12B40F006735E6 /* dwg02.png */ = {isa = PBXFileReference; lastKnownFileType = image.png; path = dwg02.png; sourceTree = "<group>"; };
		90F497F31A12B40F006735E6 /* dwg03.png */ = {isa = PBXFileReference; lastKnownFileType = image.png; path = dwg03.png; sourceTree = "<group>"; };
		90F497F51A12B40F006735E6 /* dwg04.png */ = {isa = PBXFileReference; lastKnownFileType = image.png; path = dwg04.png; sourceTree = "<group>"; };
		90F497F71A12B410006735E6 /* dwg05.png */ = {isa = PBXFileReference; lastKnownFileType = image.png; path = dwg05.png; sourceTree = "<group>"; };
		90F497F91A12B410006735E6 /* dwg06.png */ = {isa = PBXFileReference; lastKnownFileType = image.png; path = dwg06.png; sourceTree = "<group>"; };
		90F497FA1A12B410006735E6 /* FlipsideViewController.h */ = {isa = PBXFileReference; fileEncoding = 4; lastKnownFileType = sourcecode.c.h; path = FlipsideViewController.h; sourceTree = "<group>"; };
		90F497FB1A12B410006735E6 /* HeightFinderViewController.h */ = {isa = PBXFileReference; fileEncoding = 4; lastKnownFileType = sourcecode.c.h; path = HeightFinderViewController.h; sourceTree = "<group>"; };
		90F497FC1A12B410006735E6 /* HeightFinderViewController.m */ = {isa = PBXFileReference; fileEncoding = 4; lastKnownFileType = sourcecode.c.objc; path = HeightFinderViewController.m; sourceTree = "<group>"; };
		90F497FD1A12B410006735E6 /* main.m */ = {isa = PBXFileReference; fileEncoding = 4; lastKnownFileType = sourcecode.c.objc; path = main.m; sourceTree = "<group>"; };
		90F497FE1A12B410006735E6 /* MainViewController.h */ = {isa = PBXFileReference; fileEncoding = 4; lastKnownFileType = sourcecode.c.h; path = MainViewController.h; sourceTree = "<group>"; };
		90F497FF1A12B410006735E6 /* MainViewController.m */ = {isa = PBXFileReference; fileEncoding = 4; lastKnownFileType = sourcecode.c.objc; path = MainViewController.m; sourceTree = "<group>"; };
		90F498001A12B410006735E6 /* RangeFinder-Info.plist */ = {isa = PBXFileReference; fileEncoding = 4; lastKnownFileType = text.plist.xml; path = "RangeFinder-Info.plist"; sourceTree = "<group>"; };
		90F498011A12B410006735E6 /* RangeFinder-Prefix.pch */ = {isa = PBXFileReference; fileEncoding = 4; lastKnownFileType = sourcecode.c.h; path = "RangeFinder-Prefix.pch"; sourceTree = "<group>"; };
		90F498021A12B410006735E6 /* README.md */ = {isa = PBXFileReference; fileEncoding = 4; lastKnownFileType = net.daringfireball.markdown; path = README.md; sourceTree = "<group>"; };
		90F4981D1A12B4BF006735E6 /* en */ = {isa = PBXFileReference; lastKnownFileType = text.plist.strings; name = en; path = InfoPlist.strings; sourceTree = "<group>"; };
		90F4981F1A12B4BF006735E6 /* en */ = {isa = PBXFileReference; lastKnownFileType = file.storyboard; name = en; path = MainStoryboard.storyboard; sourceTree = "<group>"; };
		90F498221A15AB0D006735E6 /* ObjectSizes.plist */ = {isa = PBXFileReference; fileEncoding = 4; lastKnownFileType = text.plist.xml; path = ObjectSizes.plist; sourceTree = "<group>"; };
		90F498241A15D6CE006735E6 /* scope.png */ = {isa = PBXFileReference; lastKnownFileType = image.png; name = scope.png; path = RangeFinder/scope.png; sourceTree = "<group>"; };
		90F498261A16E089006735E6 /* RFTabBarController.h */ = {isa = PBXFileReference; fileEncoding = 4; lastKnownFileType = sourcecode.c.h; path = RFTabBarController.h; sourceTree = "<group>"; };
		90F498271A16E089006735E6 /* RFTabBarController.m */ = {isa = PBXFileReference; fileEncoding = 4; lastKnownFileType = sourcecode.c.objc; path = RFTabBarController.m; sourceTree = "<group>"; };
		90F498291A17FC4E006735E6 /* RFNavigationController.h */ = {isa = PBXFileReference; fileEncoding = 4; lastKnownFileType = sourcecode.c.h; path = RFNavigationController.h; sourceTree = "<group>"; };
		90F4982A1A17FC4E006735E6 /* RFNavigationController.m */ = {isa = PBXFileReference; fileEncoding = 4; lastKnownFileType = sourcecode.c.objc; path = RFNavigationController.m; sourceTree = "<group>"; };
/* End PBXFileReference section */

/* Begin PBXFrameworksBuildPhase section */
		83437986157C0A7D009E18A1 /* Frameworks */ = {
			isa = PBXFrameworksBuildPhase;
			buildActionMask = 2147483647;
			files = (
				900E7D311A1C41B500D477AA /* QuartzCore.framework in Frameworks */,
				900E7D2F1A1C2FBF00D477AA /* AudioToolbox.framework in Frameworks */,
				83AFB6631A12A0680066F326 /* CoreMotion.framework in Frameworks */,
				8343798E157C0A7D009E18A1 /* UIKit.framework in Frameworks */,
				83437990157C0A7D009E18A1 /* Foundation.framework in Frameworks */,
				83437992157C0A7D009E18A1 /* CoreGraphics.framework in Frameworks */,
			);
			runOnlyForDeploymentPostprocessing = 0;
		};
/* End PBXFrameworksBuildPhase section */

/* Begin PBXGroup section */
		8343797E157C0A7B009E18A1 = {
			isa = PBXGroup;
			children = (
				900E7D321A1C4F0500D477AA /* TriangleView.h */,
				900E7D331A1C4F0500D477AA /* TriangleView.m */,
				90F498291A17FC4E006735E6 /* RFNavigationController.h */,
				90F4982A1A17FC4E006735E6 /* RFNavigationController.m */,
				90F498261A16E089006735E6 /* RFTabBarController.h */,
				90F498271A16E089006735E6 /* RFTabBarController.m */,
				90F497EC1A12B40F006735E6 /* AppDelegate.h */,
				90F497ED1A12B40F006735E6 /* AppDelegate.m */,
				90F497FA1A12B410006735E6 /* FlipsideViewController.h */,
				90F497EA1A12B3FA006735E6 /* FlipsideViewController.m */,
				90F497FB1A12B410006735E6 /* HeightFinderViewController.h */,
				90F497FC1A12B410006735E6 /* HeightFinderViewController.m */,
				90F497FE1A12B410006735E6 /* MainViewController.h */,
				90F497FF1A12B410006735E6 /* MainViewController.m */,
				90F498021A12B410006735E6 /* README.md */,
				908380A91A0AE712005A6A86 /* Default.png */,
				908380AA1A0AE712005A6A86 /* Icon.png */,
				90F4981B1A12B4BF006735E6 /* en.lproj */,
				83437994157C0A7D009E18A1 /* Supporting Files */,
				8343798C157C0A7D009E18A1 /* Frameworks */,
				8343798A157C0A7D009E18A1 /* Products */,
			);
			sourceTree = "<group>";
		};
		8343798A157C0A7D009E18A1 /* Products */ = {
			isa = PBXGroup;
			children = (
				83437989157C0A7D009E18A1 /* RangeFinder.app */,
			);
			name = Products;
			sourceTree = "<group>";
		};
		8343798C157C0A7D009E18A1 /* Frameworks */ = {
			isa = PBXGroup;
			children = (
				900E7D301A1C41B500D477AA /* QuartzCore.framework */,
				900E7D2E1A1C2FBF00D477AA /* AudioToolbox.framework */,
				83AFB6621A12A0680066F326 /* CoreMotion.framework */,
				8343798D157C0A7D009E18A1 /* UIKit.framework */,
				8343798F157C0A7D009E18A1 /* Foundation.framework */,
				83437991157C0A7D009E18A1 /* CoreGraphics.framework */,
			);
			name = Frameworks;
			sourceTree = "<group>";
		};
		83437994157C0A7D009E18A1 /* Supporting Files */ = {
			isa = PBXGroup;
			children = (
				90F497FD1A12B410006735E6 /* main.m */,
				90F498001A12B410006735E6 /* RangeFinder-Info.plist */,
				90F498221A15AB0D006735E6 /* ObjectSizes.plist */,
				90F498011A12B410006735E6 /* RangeFinder-Prefix.pch */,
				90F497EF1A12B40F006735E6 /* dwg01.png */,
				90F497F11A12B40F006735E6 /* dwg02.png */,
				90F497F31A12B40F006735E6 /* dwg03.png */,
				90F497F51A12B40F006735E6 /* dwg04.png */,
				90F497F71A12B410006735E6 /* dwg05.png */,
				90F497F91A12B410006735E6 /* dwg06.png */,
				90F498241A15D6CE006735E6 /* scope.png */,
				83D6B3311586A6A500CBA01B /* dwg03.png */,
				83D6B3341586A82400CBA01B /* dwg04.png */,
				83E650C0157FCDD5003E9F7C /* flag.png */,
				83E650B9157EA3B3003E9F7C /* RangeFinderIcon.png */,
			);
			name = "Supporting Files";
			sourceTree = SOURCE_ROOT;
		};
		90F4981B1A12B4BF006735E6 /* en.lproj */ = {
			isa = PBXGroup;
			children = (
				90F4981C1A12B4BF006735E6 /* InfoPlist.strings */,
				90F4981E1A12B4BF006735E6 /* MainStoryboard.storyboard */,
			);
			path = en.lproj;
			sourceTree = "<group>";
		};
/* End PBXGroup section */

/* Begin PBXNativeTarget section */
		83437988157C0A7D009E18A1 /* RangeFinder */ = {
			isa = PBXNativeTarget;
			buildConfigurationList = 834379AA157C0A7D009E18A1 /* Build configuration list for PBXNativeTarget "RangeFinder" */;
			buildPhases = (
				83437985157C0A7D009E18A1 /* Sources */,
				83437986157C0A7D009E18A1 /* Frameworks */,
				83437987157C0A7D009E18A1 /* Resources */,
			);
			buildRules = (
			);
			dependencies = (
			);
			name = RangeFinder;
			productName = RangeFinder;
			productReference = 83437989157C0A7D009E18A1 /* RangeFinder.app */;
			productType = "com.apple.product-type.application";
		};
/* End PBXNativeTarget section */

/* Begin PBXProject section */
		83437980157C0A7B009E18A1 /* Project object */ = {
			isa = PBXProject;
			attributes = {
				LastUpgradeCheck = 0610;
				ORGANIZATIONNAME = "CPL Consulting";
			};
			buildConfigurationList = 83437983157C0A7B009E18A1 /* Build configuration list for PBXProject "RangeFinder" */;
			compatibilityVersion = "Xcode 3.2";
			developmentRegion = English;
			hasScannedForEncodings = 0;
			knownRegions = (
				en,
			);
			mainGroup = 8343797E157C0A7B009E18A1;
			productRefGroup = 8343798A157C0A7D009E18A1 /* Products */;
			projectDirPath = "";
			projectRoot = "";
			targets = (
				83437988157C0A7D009E18A1 /* RangeFinder */,
			);
		};
/* End PBXProject section */

/* Begin PBXResourcesBuildPhase section */
		83437987157C0A7D009E18A1 /* Resources */ = {
			isa = PBXResourcesBuildPhase;
			buildActionMask = 2147483647;
			files = (
				90F4980D1A12B410006735E6 /* dwg05.png in Resources */,
				90F498201A12B4BF006735E6 /* InfoPlist.strings in Resources */,
				90F4980F1A12B410006735E6 /* dwg06.png in Resources */,
				90F498091A12B410006735E6 /* dwg03.png in Resources */,
				908380AC1A0AE712005A6A86 /* Icon.png in Resources */,
				90F498051A12B410006735E6 /* dwg01.png in Resources */,
				83E650BA157EA3B3003E9F7C /* RangeFinderIcon.png in Resources */,
				83E650C1157FCDD5003E9F7C /* flag.png in Resources */,
				90F498211A12B4BF006735E6 /* MainStoryboard.storyboard in Resources */,
				90F498071A12B410006735E6 /* dwg02.png in Resources */,
				90F498251A15D6CE006735E6 /* scope.png in Resources */,
				90F498231A15AB0D006735E6 /* ObjectSizes.plist in Resources */,
				90F4980B1A12B410006735E6 /* dwg04.png in Resources */,
				908380AB1A0AE712005A6A86 /* Default.png in Resources */,
				90F498131A12B410006735E6 /* RangeFinder-Info.plist in Resources */,
				83D6B3321586A6A500CBA01B /* dwg03.png in Resources */,
				83D6B3351586A82400CBA01B /* dwg04.png in Resources */,
			);
			runOnlyForDeploymentPostprocessing = 0;
		};
/* End PBXResourcesBuildPhase section */

/* Begin PBXSourcesBuildPhase section */
		83437985157C0A7D009E18A1 /* Sources */ = {
			isa = PBXSourcesBuildPhase;
			buildActionMask = 2147483647;
			files = (
				90F498121A12B410006735E6 /* MainViewController.m in Sources */,
				90F498111A12B410006735E6 /* main.m in Sources */,
				90F498101A12B410006735E6 /* HeightFinderViewController.m in Sources */,
				90F497EB1A12B3FA006735E6 /* FlipsideViewController.m in Sources */,
				90F498141A12B410006735E6 /* README.md in Sources */,
				900E7D341A1C4F0500D477AA /* TriangleView.m in Sources */,
				90F498031A12B410006735E6 /* AppDelegate.m in Sources */,
				90F498281A16E089006735E6 /* RFTabBarController.m in Sources */,
				90F4982B1A17FC4E006735E6 /* RFNavigationController.m in Sources */,
			);
			runOnlyForDeploymentPostprocessing = 0;
		};
/* End PBXSourcesBuildPhase section */

/* Begin PBXVariantGroup section */
		90F4981C1A12B4BF006735E6 /* InfoPlist.strings */ = {
			isa = PBXVariantGroup;
			children = (
				90F4981D1A12B4BF006735E6 /* en */,
			);
			name = InfoPlist.strings;
			sourceTree = "<group>";
		};
		90F4981E1A12B4BF006735E6 /* MainStoryboard.storyboard */ = {
			isa = PBXVariantGroup;
			children = (
				90F4981F1A12B4BF006735E6 /* en */,
			);
			name = MainStoryboard.storyboard;
			sourceTree = "<group>";
		};
/* End PBXVariantGroup section */

/* Begin XCBuildConfiguration section */
		834379A8157C0A7D009E18A1 /* Debug */ = {
			isa = XCBuildConfiguration;
			buildSettings = {
				ALWAYS_SEARCH_USER_PATHS = NO;
				CLANG_ENABLE_OBJC_ARC = YES;
				CLANG_WARN_BOOL_CONVERSION = YES;
				CLANG_WARN_CONSTANT_CONVERSION = YES;
				CLANG_WARN_EMPTY_BODY = YES;
				CLANG_WARN_ENUM_CONVERSION = YES;
				CLANG_WARN_INT_CONVERSION = YES;
				CLANG_WARN_UNREACHABLE_CODE = YES;
				CLANG_WARN__DUPLICATE_METHOD_MATCH = YES;
				"CODE_SIGN_IDENTITY[sdk=iphoneos*]" = "iPhone Developer";
				COPY_PHASE_STRIP = NO;
				ENABLE_STRICT_OBJC_MSGSEND = YES;
				GCC_C_LANGUAGE_STANDARD = gnu99;
				GCC_DYNAMIC_NO_PIC = NO;
				GCC_OPTIMIZATION_LEVEL = 0;
				GCC_PREPROCESSOR_DEFINITIONS = (
					"DEBUG=1",
					"$(inherited)",
				);
				GCC_SYMBOLS_PRIVATE_EXTERN = NO;
				GCC_VERSION = com.apple.compilers.llvm.clang.1_0;
				GCC_WARN_64_TO_32_BIT_CONVERSION = YES;
				GCC_WARN_ABOUT_RETURN_TYPE = YES;
				GCC_WARN_UNDECLARED_SELECTOR = YES;
				GCC_WARN_UNINITIALIZED_AUTOS = YES;
				GCC_WARN_UNUSED_FUNCTION = YES;
				GCC_WARN_UNUSED_VARIABLE = YES;
				IPHONEOS_DEPLOYMENT_TARGET = 5.1;
				ONLY_ACTIVE_ARCH = YES;
				SDKROOT = iphoneos;
			};
			name = Debug;
		};
		834379A9157C0A7D009E18A1 /* Release */ = {
			isa = XCBuildConfiguration;
			buildSettings = {
				ALWAYS_SEARCH_USER_PATHS = NO;
				CLANG_ENABLE_OBJC_ARC = YES;
				CLANG_WARN_BOOL_CONVERSION = YES;
				CLANG_WARN_CONSTANT_CONVERSION = YES;
				CLANG_WARN_EMPTY_BODY = YES;
				CLANG_WARN_ENUM_CONVERSION = YES;
				CLANG_WARN_INT_CONVERSION = YES;
				CLANG_WARN_UNREACHABLE_CODE = YES;
				CLANG_WARN__DUPLICATE_METHOD_MATCH = YES;
				"CODE_SIGN_IDENTITY[sdk=iphoneos*]" = "iPhone Developer";
				COPY_PHASE_STRIP = YES;
				ENABLE_STRICT_OBJC_MSGSEND = YES;
				GCC_C_LANGUAGE_STANDARD = gnu99;
				GCC_VERSION = com.apple.compilers.llvm.clang.1_0;
				GCC_WARN_64_TO_32_BIT_CONVERSION = YES;
				GCC_WARN_ABOUT_RETURN_TYPE = YES;
				GCC_WARN_UNDECLARED_SELECTOR = YES;
				GCC_WARN_UNINITIALIZED_AUTOS = YES;
				GCC_WARN_UNUSED_FUNCTION = YES;
				GCC_WARN_UNUSED_VARIABLE = YES;
				IPHONEOS_DEPLOYMENT_TARGET = 5.1;
				OTHER_CFLAGS = "-DNS_BLOCK_ASSERTIONS=1";
				SDKROOT = iphoneos;
				VALIDATE_PRODUCT = YES;
			};
			name = Release;
		};
		834379AB157C0A7D009E18A1 /* Debug */ = {
			isa = XCBuildConfiguration;
			buildSettings = {
				ALWAYS_SEARCH_USER_PATHS = NO;
				CODE_SIGN_IDENTITY = "iPhone Developer";
				GCC_PRECOMPILE_PREFIX_HEADER = YES;
				GCC_PREFIX_HEADER = "$(SRCROOT)/RangeFinder-Prefix.pch";
				INFOPLIST_FILE = "$(SRCROOT)/RangeFinder-Info.plist";
				PRECOMPS_INCLUDE_HEADERS_FROM_BUILT_PRODUCTS_DIR = YES;
				PRODUCT_NAME = "$(TARGET_NAME)";
				SCAN_ALL_SOURCE_FILES_FOR_INCLUDES = YES;
				WRAPPER_EXTENSION = app;
			};
			name = Debug;
		};
		834379AC157C0A7D009E18A1 /* Release */ = {
			isa = XCBuildConfiguration;
			buildSettings = {
				ALWAYS_SEARCH_USER_PATHS = NO;
				CODE_SIGN_IDENTITY = "iPhone Developer";
				GCC_PRECOMPILE_PREFIX_HEADER = YES;
				GCC_PREFIX_HEADER = "$(SRCROOT)/RangeFinder-Prefix.pch";
				INFOPLIST_FILE = "$(SRCROOT)/RangeFinder-Info.plist";
				PRECOMPS_INCLUDE_HEADERS_FROM_BUILT_PRODUCTS_DIR = YES;
				PRODUCT_NAME = "$(TARGET_NAME)";
				SCAN_ALL_SOURCE_FILES_FOR_INCLUDES = YES;
				WRAPPER_EXTENSION = app;
			};
			name = Release;
		};
/* End XCBuildConfiguration section */

/* Begin XCConfigurationList section */
		83437983157C0A7B009E18A1 /* Build configuration list for PBXProject "RangeFinder" */ = {
			isa = XCConfigurationList;
			buildConfigurations = (
				834379A8157C0A7D009E18A1 /* Debug */,
				834379A9157C0A7D009E18A1 /* Release */,
			);
			defaultConfigurationIsVisible = 0;
			defaultConfigurationName = Release;
		};
		834379AA157C0A7D009E18A1 /* Build configuration list for PBXNativeTarget "RangeFinder" */ = {
			isa = XCConfigurationList;
			buildConfigurations = (
				834379AB157C0A7D009E18A1 /* Debug */,
				834379AC157C0A7D009E18A1 /* Release */,
			);
			defaultConfigurationIsVisible = 0;
			defaultConfigurationName = Release;
		};
/* End XCConfigurationList section */
	};
	rootObject = 83437980157C0A7B009E18A1 /* Project object */;
}
